
Microsoft Visual Studio Solution File, Format Version 12.00
# Visual Studio Version 17
VisualStudioVersion = 17.11.35327.3
MinimumVisualStudioVersion = 10.0.40219.1
Project("{FAE04EC0-301F-11D3-BF4B-00C04F79EFBC}") = "Domain", "..\Domain\Domain.csproj", "{D470F7A7-B1B3-41DD-B140-944A7B49A4C8}"
EndProject
Project("{FAE04EC0-301F-11D3-BF4B-00C04F79EFBC}") = "Application", "..\Application\Application.csproj", "{8280AD7C-9649-4D0A-9C2F-2C95CF1D3F6A}"
EndProject
Project("{FAE04EC0-301F-11D3-BF4B-00C04F79EFBC}") = "Infrastructure", "..\Infrastructure\Infrastructure.csproj", "{E7009A4F-3CA8-4539-AEC0-4198ADB85696}"
EndProject
Project("{FAE04EC0-301F-11D3-BF4B-00C04F79EFBC}") = "API", "..\API\API.csproj", "{13E8F590-C698-4056-AE5E-2B3C622ACE09}"
EndProject
Project("{FAE04EC0-301F-11D3-BF4B-00C04F79EFBC}") = "Test", "..\Test\Test.csproj", "{1D5BA6E7-BE9C-4646-99E9-1DC0C6DE8949}"
EndProject
Global
	GlobalSection(SolutionConfigurationPlatforms) = preSolution
		Debug|Any CPU = Debug|Any CPU
		Release|Any CPU = Release|Any CPU
	EndGlobalSection
	GlobalSection(ProjectConfigurationPlatforms) = postSolution
		{D470F7A7-B1B3-41DD-B140-944A7B49A4C8}.Debug|Any CPU.ActiveCfg = Debug|Any CPU
		{D470F7A7-B1B3-41DD-B140-944A7B49A4C8}.Debug|Any CPU.Build.0 = Debug|Any CPU
		{D470F7A7-B1B3-41DD-B140-944A7B49A4C8}.Release|Any CPU.ActiveCfg = Release|Any CPU
		{D470F7A7-B1B3-41DD-B140-944A7B49A4C8}.Release|Any CPU.Build.0 = Release|Any CPU
		{8280AD7C-9649-4D0A-9C2F-2C95CF1D3F6A}.Debug|Any CPU.ActiveCfg = Debug|Any CPU
		{8280AD7C-9649-4D0A-9C2F-2C95CF1D3F6A}.Debug|Any CPU.Build.0 = Debug|Any CPU
		{8280AD7C-9649-4D0A-9C2F-2C95CF1D3F6A}.Release|Any CPU.ActiveCfg = Release|Any CPU
		{8280AD7C-9649-4D0A-9C2F-2C95CF1D3F6A}.Release|Any CPU.Build.0 = Release|Any CPU
		{E7009A4F-3CA8-4539-AEC0-4198ADB85696}.Debug|Any CPU.ActiveCfg = Debug|Any CPU
		{E7009A4F-3CA8-4539-AEC0-4198ADB85696}.Debug|Any CPU.Build.0 = Debug|Any CPU
		{E7009A4F-3CA8-4539-AEC0-4198ADB85696}.Release|Any CPU.ActiveCfg = Release|Any CPU
		{E7009A4F-3CA8-4539-AEC0-4198ADB85696}.Release|Any CPU.Build.0 = Release|Any CPU
		{13E8F590-C698-4056-AE5E-2B3C622ACE09}.Debug|Any CPU.ActiveCfg = Debug|Any CPU
		{13E8F590-C698-4056-AE5E-2B3C622ACE09}.Debug|Any CPU.Build.0 = Debug|Any CPU
		{13E8F590-C698-4056-AE5E-2B3C622ACE09}.Release|Any CPU.ActiveCfg = Release|Any CPU
		{13E8F590-C698-4056-AE5E-2B3C622ACE09}.Release|Any CPU.Build.0 = Release|Any CPU
		{1D5BA6E7-BE9C-4646-99E9-1DC0C6DE8949}.Debug|Any CPU.ActiveCfg = Debug|Any CPU
		{1D5BA6E7-BE9C-4646-99E9-1DC0C6DE8949}.Debug|Any CPU.Build.0 = Debug|Any CPU
		{1D5BA6E7-BE9C-4646-99E9-1DC0C6DE8949}.Release|Any CPU.ActiveCfg = Release|Any CPU
		{1D5BA6E7-BE9C-4646-99E9-1DC0C6DE8949}.Release|Any CPU.Build.0 = Release|Any CPU
	EndGlobalSection
	GlobalSection(SolutionProperties) = preSolution
		HideSolutionNode = FALSE
	EndGlobalSection
	GlobalSection(ExtensibilityGlobals) = postSolution
		SolutionGuid = {A3D5FC4F-B151-4E8F-9B62-352F2B5CAD27}
	EndGlobalSection
EndGlobal
